
Microsoft Visual Studio Solution File, Format Version 12.00
# Visual Studio Version 16
VisualStudioVersion = 16.0.31129.286
MinimumVisualStudioVersion = 10.0.40219.1
Project("{8BC9CEB8-8B4A-11D0-8D11-00A0C91BC942}") = "SectionA_20L-0969_A5", "SectionA_20L-0969_A5.vcxproj", "{48A8FB77-4A0C-4802-9ADB-5A130B95CD17}"
EndProject
Global
	GlobalSection(SolutionConfigurationPlatforms) = preSolution
		Debug|x64 = Debug|x64
		Debug|x86 = Debug|x86
		Release|x64 = Release|x64
		Release|x86 = Release|x86
	EndGlobalSection
	GlobalSection(ProjectConfigurationPlatforms) = postSolution
		{48A8FB77-4A0C-4802-9ADB-5A130B95CD17}.Debug|x64.ActiveCfg = Debug|x64
		{48A8FB77-4A0C-4802-9ADB-5A130B95CD17}.Debug|x64.Build.0 = Debug|x64
		{48A8FB77-4A0C-4802-9ADB-5A130B95CD17}.Debug|x86.ActiveCfg = Debug|Win32
		{48A8FB77-4A0C-4802-9ADB-5A130B95CD17}.Debug|x86.Build.0 = Debug|Win32
		{48A8FB77-4A0C-4802-9ADB-5A130B95CD17}.Release|x64.ActiveCfg = Release|x64
		{48A8FB77-4A0C-4802-9ADB-5A130B95CD17}.Release|x64.Build.0 = Release|x64
		{48A8FB77-4A0C-4802-9ADB-5A130B95CD17}.Release|x86.ActiveCfg = Release|Win32
		{48A8FB77-4A0C-4802-9ADB-5A130B95CD17}.Release|x86.Build.0 = Release|Win32
	EndGlobalSection
	GlobalSection(SolutionProperties) = preSolution
		HideSolutionNode = FALSE
	EndGlobalSection
	GlobalSection(ExtensibilityGlobals) = postSolution
		SolutionGuid = {62947FCC-6265-4373-BAE0-4CAEBA048DC9}
	EndGlobalSection
EndGlobal
